{
  "name": "data-forge",
  "version": "0.5.7",
  "lockfileVersion": 1,
  "requires": true,
  "dependencies": {
    "ansi-regex": {
      "version": "3.0.0",
      "resolved": "https://registry.npmjs.org/ansi-regex/-/ansi-regex-3.0.0.tgz",
      "integrity": "sha1-7QMXwyIGT3lGbAKWa922Bas32Zg="
    },
    "assertion-error": {
      "version": "1.1.0",
      "resolved": "https://registry.npmjs.org/assertion-error/-/assertion-error-1.1.0.tgz",
      "integrity": "sha512-jgsaNduz+ndvGyFt3uSuWqvy4lCnIJiovtouQN5JZHOKCS2QuhEdbcQHFhVksz2N2U9hXJo8odG7ETyWlEeuDw=="
    },
    "babyparse": {
      "version": "0.4.6",
      "resolved": "https://registry.npmjs.org/babyparse/-/babyparse-0.4.6.tgz",
      "integrity": "sha1-j/KbYtHmAMBlSv1jRX+X+iw26cE="
    },
    "caller-id": {
      "version": "0.1.0",
      "resolved": "https://registry.npmjs.org/caller-id/-/caller-id-0.1.0.tgz",
      "integrity": "sha1-Wb2sCJPRLDhxQIJ5Ix+XRYNk8Hs=",
      "dev": true,
      "requires": {
        "stack-trace": "0.0.10"
      }
    },
    "chai": {
      "version": "3.5.0",
      "resolved": "https://registry.npmjs.org/chai/-/chai-3.5.0.tgz",
      "integrity": "sha1-TQJjewZ/6Vi9v906QOxW/vc3Mkc=",
      "requires": {
        "assertion-error": "1.1.0",
        "deep-eql": "0.1.3",
        "type-detect": "1.0.0"
      }
    },
    "clone": {
      "version": "1.0.3",
      "resolved": "https://registry.npmjs.org/clone/-/clone-1.0.3.tgz",
      "integrity": "sha1-KY1+IjFmD0DAA8LtMUDezz9TCF8=",
      "optional": true
    },
    "csv": {
      "version": "0.4.6",
      "resolved": "https://registry.npmjs.org/csv/-/csv-0.4.6.tgz",
      "integrity": "sha1-jbrn3f26rmLB6ph8Pg+Kmsc3tz0=",
      "requires": {
        "csv-generate": "0.0.6",
        "csv-parse": "1.3.3",
        "csv-stringify": "0.0.8",
        "stream-transform": "0.1.2"
      }
    },
    "csv-generate": {
      "version": "0.0.6",
      "resolved": "https://registry.npmjs.org/csv-generate/-/csv-generate-0.0.6.tgz",
      "integrity": "sha1-l+TmOuRrIZEs2UdbwxRp0m9a3mY="
    },
    "csv-parse": {
      "version": "1.3.3",
      "resolved": "https://registry.npmjs.org/csv-parse/-/csv-parse-1.3.3.tgz",
      "integrity": "sha1-0c/YdDwvhJoKuy/VRNtWaV0ZpJA="
    },
    "csv-stringify": {
      "version": "0.0.8",
      "resolved": "https://registry.npmjs.org/csv-stringify/-/csv-stringify-0.0.8.tgz",
      "integrity": "sha1-Usw7PfwZd1jFWtMlqVvoUHH55Rs="
    },
    "deep-eql": {
      "version": "0.1.3",
      "resolved": "https://registry.npmjs.org/deep-eql/-/deep-eql-0.1.3.tgz",
      "integrity": "sha1-71WKyrjeJSBs1xOQbXTlaTDrafI=",
      "requires": {
        "type-detect": "0.1.1"
      },
      "dependencies": {
        "type-detect": {
          "version": "0.1.1",
          "resolved": "https://registry.npmjs.org/type-detect/-/type-detect-0.1.1.tgz",
          "integrity": "sha1-C6XsKohWQORw6k6FBZcZANrFiCI="
        }
      }
    },
    "defaults": {
      "version": "1.0.3",
      "resolved": "https://registry.npmjs.org/defaults/-/defaults-1.0.3.tgz",
      "integrity": "sha1-xlYFHpgX2f8I7YgUd/P+QBnz730=",
      "optional": true,
      "requires": {
        "clone": "1.0.3"
      }
    },
    "easy-table": {
      "version": "1.1.1",
      "resolved": "https://registry.npmjs.org/easy-table/-/easy-table-1.1.1.tgz",
      "integrity": "sha512-C9Lvm0WFcn2RgxbMnTbXZenMIWcBtkzMr+dWqq/JsVoGFSVUVlPqeOa5LP5kM0I3zoOazFpckOEb2/0LDFfToQ==",
      "requires": {
        "ansi-regex": "3.0.0",
        "wcwidth": "1.0.1"
      }
    },
    "extend": {
      "version": "3.0.1",
      "resolved": "https://registry.npmjs.org/extend/-/extend-3.0.1.tgz",
      "integrity": "sha1-p1Xqe8Gt/MWjHOfnYtuq3F5jZEQ="
    },
    "linq": {
      "version": "3.0.9",
      "resolved": "https://registry.npmjs.org/linq/-/linq-3.0.9.tgz",
      "integrity": "sha512-9kDSW2s4sjajLcGN4f+pRiwYZrbqmwDibQyysEgRSvA8dgHmqEEruYQX4GNBQAiOYcMv8IdUbCWgDq6eUidkKQ=="
    },
    "mock-require": {
      "version": "2.0.2",
      "resolved": "https://registry.npmjs.org/mock-require/-/mock-require-2.0.2.tgz",
      "integrity": "sha1-HqpxqtIwE3c9En3H6Ro/u0g31g0=",
      "dev": true,
      "requires": {
        "caller-id": "0.1.0"
      }
    },
    "moment": {
      "version": "2.20.1",
      "resolved": "https://registry.npmjs.org/moment/-/moment-2.20.1.tgz",
      "integrity": "sha512-Yh9y73JRljxW5QxN08Fner68eFLxM5ynNOAw2LbIB1YAGeQzZT8QFSUvkAz609Zf+IHhhaUxqZK8dG3W/+HEvg=="
    },
    "stack-trace": {
      "version": "0.0.10",
      "resolved": "https://registry.npmjs.org/stack-trace/-/stack-trace-0.0.10.tgz",
      "integrity": "sha1-VHxws0fo0ytOEI6hoqFZ5f3eGcA=",
      "dev": true
    },
    "statman": {
      "version": "0.1.6",
      "resolved": "https://registry.npmjs.org/statman/-/statman-0.1.6.tgz",
      "integrity": "sha1-T4uzhq3Zwh7bWFstdIOYBWvof8k=",
      "dev": true,
      "requires": {
        "statman-stopwatch": "1.0.7",
        "underscore": "1.6.0"
      },
      "dependencies": {
        "performance-now": {
          "version": "0.2.0",
          "resolved": "https://registry.npmjs.org/performance-now/-/performance-now-0.2.0.tgz",
          "integrity": "sha1-M+8wxcd9TqIcWlOGnZG1bY8lVeU=",
          "dev": true
        },
        "statman-stopwatch": {
          "version": "1.0.7",
          "resolved": "https://registry.npmjs.org/statman-stopwatch/-/statman-stopwatch-1.0.7.tgz",
          "integrity": "sha1-MZS5hgHLN1OUGRqbzZROn2uPAHw=",
          "dev": true,
          "requires": {
            "performance-now": "0.2.0"
          }
        }
      }
    },
    "statman-stopwatch": {
      "version": "1.0.8",
      "resolved": "https://registry.npmjs.org/statman-stopwatch/-/statman-stopwatch-1.0.8.tgz",
      "integrity": "sha1-xOaIww9xEUoto/lJShQAM7RbRhM=",
      "dev": true,
      "requires": {
        "statman": "0.1.6"
      }
    },
    "stream-transform": {
      "version": "0.1.2",
      "resolved": "https://registry.npmjs.org/stream-transform/-/stream-transform-0.1.2.tgz",
      "integrity": "sha1-fY5rTgOsR4F3j4x5UXUBv7B2Kp8="
    },
    "sugar": {
      "version": "1.5.0",
      "resolved": "https://registry.npmjs.org/sugar/-/sugar-1.5.0.tgz",
      "integrity": "sha1-2dP7oQ96iH4G5q37B4onrLH8BVY="
    },
    "type-detect": {
      "version": "1.0.0",
      "resolved": "https://registry.npmjs.org/type-detect/-/type-detect-1.0.0.tgz",
      "integrity": "sha1-diIXzAbbJY7EiQihKY6LlRIejqI="
    },
    "underscore": {
      "version": "1.6.0",
      "resolved": "https://registry.npmjs.org/underscore/-/underscore-1.6.0.tgz",
      "integrity": "sha1-izixDKze9jM3uLJOT/htRa6lKag=",
      "dev": true
    },
    "wcwidth": {
      "version": "1.0.1",
      "resolved": "https://registry.npmjs.org/wcwidth/-/wcwidth-1.0.1.tgz",
      "integrity": "sha1-8LDc+RW8X/FSivrbLA4XtTLaL+g=",
      "optional": true,
      "requires": {
        "defaults": "1.0.3"
      }
    }
  }
}
